{
  "name": "data-collection",
  "version": "1.0.0",
  "lockfileVersion": 1,
  "requires": true,
  "dependencies": {
    "abort-controller": {
      "version": "3.0.0",
      "resolved": "https://registry.npmjs.org/abort-controller/-/abort-controller-3.0.0.tgz",
      "integrity": "sha512-h8lQ8tacZYnR3vNQTgibj+tODHI5/+l06Au2Pcriv/Gmet0eaj4TwWH41sO9wnHDiQsEj19q0drzdWdeAHtweg==",
      "requires": {
        "event-target-shim": "^5.0.0"
      }
    },
    "event-target-shim": {
      "version": "5.0.1",
      "resolved": "https://registry.npmjs.org/event-target-shim/-/event-target-shim-5.0.1.tgz",
      "integrity": "sha512-i/2XbnSz/uxRCU6+NdVJgKWDTM427+MqYbkQzD321DuCQJUqOuJKIA0IM2+W2xtYHdKOmZ4dR6fExsd4SXL+WQ=="
    },
    "ky": {
      "version": "0.10.0",
      "resolved": "https://registry.npmjs.org/ky/-/ky-0.10.0.tgz",
      "integrity": "sha512-2OiL0TJiex7tGTUvYOrijLbXKV9rb9IJcLvDh+m5+v87ZhBThIlXwEjaC8/H0e8zMW+hq4HCznVBIdbNMsSQKg=="
    },
    "ky-universal": {
      "version": "0.2.0",
      "resolved": "https://registry.npmjs.org/ky-universal/-/ky-universal-0.2.0.tgz",
      "integrity": "sha512-OmA2/whehME/S07k7TWnS3odC6csdo0f5qHzljasjkBHTJMx0BSHKP62wmnIdZzGtDxo6XjB81GAvKhv7HhEig==",
      "requires": {
        "abort-controller": "^3.0.0",
        "node-fetch": "^2.3.0"
      }
    },
    "node-fetch": {
      "version": "2.6.7",
      "resolved": "https://registry.npmjs.org/node-fetch/-/node-fetch-2.6.7.tgz",
      "integrity": "sha512-ZjMPFEfVx5j+y2yF35Kzx5sF7kDzxuDj6ziH4FFbOp87zKDZNx8yExJIb05OGF4Nlt9IHFIMBkRl41VdvcNdbQ==",
      "requires": {
        "whatwg-url": "^5.0.0"
      }
    },
    "range": {
      "version": "0.0.3",
      "resolved": "https://registry.npmjs.org/range/-/range-0.0.3.tgz",
      "integrity": "sha1-tbjrJGOlFrYkpWO9MrGP6J5wFRs="
    },
    "tr46": {
      "version": "0.0.3",
      "resolved": "https://registry.npmjs.org/tr46/-/tr46-0.0.3.tgz",
      "integrity": "sha1-gYT9NH2snNwYWZLzpmIuFLnZq2o="
    },
    "webidl-conversions": {
      "version": "3.0.1",
      "resolved": "https://registry.npmjs.org/webidl-conversions/-/webidl-conversions-3.0.1.tgz",
      "integrity": "sha1-JFNCdeKnvGvnvIZhHMFq4KVlSHE="
    },
    "whatwg-url": {
      "version": "5.0.0",
      "resolved": "https://registry.npmjs.org/whatwg-url/-/whatwg-url-5.0.0.tgz",
      "integrity": "sha1-lmRU6HZUYuN2RNNib2dCzotwll0=",
      "requires": {
        "tr46": "~0.0.3",
        "webidl-conversions": "^3.0.0"
      }
    }
  }
}
